
Microsoft Visual Studio Solution File, Format Version 12.00
# Visual Studio Version 16
VisualStudioVersion = 16.0.32002.261
MinimumVisualStudioVersion = 10.0.40219.1
Project("{FAE04EC0-301F-11D3-BF4B-00C04F79EFBC}") = "Conta", "Conta\Conta.csproj", "{D85D59E2-7716-4362-A5AC-D030F7E825FE}"
EndProject
Global
	GlobalSection(SolutionConfigurationPlatforms) = preSolution
		Debug|Any CPU = Debug|Any CPU
		Release|Any CPU = Release|Any CPU
	EndGlobalSection
	GlobalSection(ProjectConfigurationPlatforms) = postSolution
		{D85D59E2-7716-4362-A5AC-D030F7E825FE}.Debug|Any CPU.ActiveCfg = Debug|Any CPU
		{D85D59E2-7716-4362-A5AC-D030F7E825FE}.Debug|Any CPU.Build.0 = Debug|Any CPU
		{D85D59E2-7716-4362-A5AC-D030F7E825FE}.Release|Any CPU.ActiveCfg = Release|Any CPU
		{D85D59E2-7716-4362-A5AC-D030F7E825FE}.Release|Any CPU.Build.0 = Release|Any CPU
	EndGlobalSection
	GlobalSection(SolutionProperties) = preSolution
		HideSolutionNode = FALSE
	EndGlobalSection
	GlobalSection(ExtensibilityGlobals) = postSolution
		SolutionGuid = {D5183268-0FA6-4F36-A840-C87713044D15}
	EndGlobalSection
EndGlobal
